// !$*UTF8*$!
{
	archiveVersion = 1;
	classes = {
	};
	objectVersion = 55;
	objects = {

/* Begin PBXBuildFile section */
		E925A6E5287A4267003028D4 /* DetailEditView.swift in Sources */ = {isa = PBXBuildFile; fileRef = E925A6E4287A4267003028D4 /* DetailEditView.swift */; };
		E925A6E7287A4A90003028D4 /* ThemeView.swift in Sources */ = {isa = PBXBuildFile; fileRef = E925A6E6287A4A90003028D4 /* ThemeView.swift */; };
		E925A6E9287A4B9F003028D4 /* ThemePicker.swift in Sources */ = {isa = PBXBuildFile; fileRef = E925A6E8287A4B9F003028D4 /* ThemePicker.swift */; };
		E92722EB28746E8A005699E7 /* Theme.swift in Sources */ = {isa = PBXBuildFile; fileRef = E92722EA28746E8A005699E7 /* Theme.swift */; };
		E92722ED28746FA0005699E7 /* DailyScrum.swift in Sources */ = {isa = PBXBuildFile; fileRef = E92722EC28746FA0005699E7 /* DailyScrum.swift */; };
		E92722EF2874701B005699E7 /* CardView.swift in Sources */ = {isa = PBXBuildFile; fileRef = E92722EE2874701B005699E7 /* CardView.swift */; };
		E92722F1287472F5005699E7 /* TrailingIconLabelStyle.swift in Sources */ = {isa = PBXBuildFile; fileRef = E92722F0287472F5005699E7 /* TrailingIconLabelStyle.swift */; };
		E9E22EC12879D8A7000A8B28 /* ScrumsView.swift in Sources */ = {isa = PBXBuildFile; fileRef = E9E22EC02879D8A7000A8B28 /* ScrumsView.swift */; };
		E9E22EC32879ED28000A8B28 /* DetailView.swift in Sources */ = {isa = PBXBuildFile; fileRef = E9E22EC22879ED28000A8B28 /* DetailView.swift */; };
		E9EAF62B287B51B200E37B01 /* MeetingHeaderView.swift in Sources */ = {isa = PBXBuildFile; fileRef = E9EAF62A287B51B200E37B01 /* MeetingHeaderView.swift */; };
		E9EAF62D287B533D00E37B01 /* ScrumProgressViewStyle.swift in Sources */ = {isa = PBXBuildFile; fileRef = E9EAF62C287B533D00E37B01 /* ScrumProgressViewStyle.swift */; };
		E9EAF62F287B53C300E37B01 /* ScrumTimer.swift in Sources */ = {isa = PBXBuildFile; fileRef = E9EAF62E287B53C300E37B01 /* ScrumTimer.swift */; };
		E9EAF631287B53E200E37B01 /* AVPlayer+Ding.swift in Sources */ = {isa = PBXBuildFile; fileRef = E9EAF630287B53E200E37B01 /* AVPlayer+Ding.swift */; };
		E9EAF633287B556800E37B01 /* MeetingFooterView.swift in Sources */ = {isa = PBXBuildFile; fileRef = E9EAF632287B556800E37B01 /* MeetingFooterView.swift */; };
		E9EAF636287BB5F100E37B01 /* ding.wav in Resources */ = {isa = PBXBuildFile; fileRef = E9EAF635287BB5F100E37B01 /* ding.wav */; };
		E9EAF638287BBA0E00E37B01 /* History.swift in Sources */ = {isa = PBXBuildFile; fileRef = E9EAF637287BBA0E00E37B01 /* History.swift */; };
		E9FF9EBA2873B95B00E19F6D /* ScrumdingerApp.swift in Sources */ = {isa = PBXBuildFile; fileRef = E9FF9EB92873B95B00E19F6D /* ScrumdingerApp.swift */; };
		E9FF9EBC2873B95B00E19F6D /* MeetingView.swift in Sources */ = {isa = PBXBuildFile; fileRef = E9FF9EBB2873B95B00E19F6D /* MeetingView.swift */; };
		E9FF9EBE2873B95C00E19F6D /* Assets.xcassets in Resources */ = {isa = PBXBuildFile; fileRef = E9FF9EBD2873B95C00E19F6D /* Assets.xcassets */; };
		E9FF9EC12873B95C00E19F6D /* Preview Assets.xcassets in Resources */ = {isa = PBXBuildFile; fileRef = E9FF9EC02873B95C00E19F6D /* Preview Assets.xcassets */; };
/* End PBXBuildFile section */

/* Begin PBXFileReference section */
		E925A6E4287A4267003028D4 /* DetailEditView.swift */ = {isa = PBXFileReference; lastKnownFileType = sourcecode.swift; path = DetailEditView.swift; sourceTree = "<group>"; };
		E925A6E6287A4A90003028D4 /* ThemeView.swift */ = {isa = PBXFileReference; lastKnownFileType = sourcecode.swift; path = ThemeView.swift; sourceTree = "<group>"; };
		E925A6E8287A4B9F003028D4 /* ThemePicker.swift */ = {isa = PBXFileReference; lastKnownFileType = sourcecode.swift; path = ThemePicker.swift; sourceTree = "<group>"; };
		E92722EA28746E8A005699E7 /* Theme.swift */ = {isa = PBXFileReference; lastKnownFileType = sourcecode.swift; path = Theme.swift; sourceTree = "<group>"; };
		E92722EC28746FA0005699E7 /* DailyScrum.swift */ = {isa = PBXFileReference; lastKnownFileType = sourcecode.swift; path = DailyScrum.swift; sourceTree = "<group>"; };
		E92722EE2874701B005699E7 /* CardView.swift */ = {isa = PBXFileReference; lastKnownFileType = sourcecode.swift; path = CardView.swift; sourceTree = "<group>"; };
		E92722F0287472F5005699E7 /* TrailingIconLabelStyle.swift */ = {isa = PBXFileReference; lastKnownFileType = sourcecode.swift; path = TrailingIconLabelStyle.swift; sourceTree = "<group>"; };
		E9E22EC02879D8A7000A8B28 /* ScrumsView.swift */ = {isa = PBXFileReference; lastKnownFileType = sourcecode.swift; path = ScrumsView.swift; sourceTree = "<group>"; };
		E9E22EC22879ED28000A8B28 /* DetailView.swift */ = {isa = PBXFileReference; lastKnownFileType = sourcecode.swift; path = DetailView.swift; sourceTree = "<group>"; };
		E9EAF62A287B51B200E37B01 /* MeetingHeaderView.swift */ = {isa = PBXFileReference; lastKnownFileType = sourcecode.swift; path = MeetingHeaderView.swift; sourceTree = "<group>"; };
		E9EAF62C287B533D00E37B01 /* ScrumProgressViewStyle.swift */ = {isa = PBXFileReference; lastKnownFileType = sourcecode.swift; path = ScrumProgressViewStyle.swift; sourceTree = "<group>"; };
		E9EAF62E287B53C300E37B01 /* ScrumTimer.swift */ = {isa = PBXFileReference; lastKnownFileType = sourcecode.swift; path = ScrumTimer.swift; sourceTree = "<group>"; };
		E9EAF630287B53E200E37B01 /* AVPlayer+Ding.swift */ = {isa = PBXFileReference; lastKnownFileType = sourcecode.swift; path = "AVPlayer+Ding.swift"; sourceTree = "<group>"; };
		E9EAF632287B556800E37B01 /* MeetingFooterView.swift */ = {isa = PBXFileReference; lastKnownFileType = sourcecode.swift; path = MeetingFooterView.swift; sourceTree = "<group>"; };
		E9EAF635287BB5F100E37B01 /* ding.wav */ = {isa = PBXFileReference; lastKnownFileType = audio.wav; path = ding.wav; sourceTree = "<group>"; };
		E9EAF637287BBA0E00E37B01 /* History.swift */ = {isa = PBXFileReference; lastKnownFileType = sourcecode.swift; path = History.swift; sourceTree = "<group>"; };
		E9FF9EB62873B95B00E19F6D /* Scrumdinger.app */ = {isa = PBXFileReference; explicitFileType = wrapper.application; includeInIndex = 0; path = Scrumdinger.app; sourceTree = BUILT_PRODUCTS_DIR; };
		E9FF9EB92873B95B00E19F6D /* ScrumdingerApp.swift */ = {isa = PBXFileReference; lastKnownFileType = sourcecode.swift; path = ScrumdingerApp.swift; sourceTree = "<group>"; };
		E9FF9EBB2873B95B00E19F6D /* MeetingView.swift */ = {isa = PBXFileReference; lastKnownFileType = sourcecode.swift; path = MeetingView.swift; sourceTree = "<group>"; };
		E9FF9EBD2873B95C00E19F6D /* Assets.xcassets */ = {isa = PBXFileReference; lastKnownFileType = folder.assetcatalog; path = Assets.xcassets; sourceTree = "<group>"; };
		E9FF9EC02873B95C00E19F6D /* Preview Assets.xcassets */ = {isa = PBXFileReference; lastKnownFileType = folder.assetcatalog; path = "Preview Assets.xcassets"; sourceTree = "<group>"; };
/* End PBXFileReference section */

/* Begin PBXFrameworksBuildPhase section */
		E9FF9EB32873B95B00E19F6D /* Frameworks */ = {
			isa = PBXFrameworksBuildPhase;
			buildActionMask = 2147483647;
			files = (
			);
			runOnlyForDeploymentPostprocessing = 0;
		};
/* End PBXFrameworksBuildPhase section */

/* Begin PBXGroup section */
		E92722E928746E5A005699E7 /* Models */ = {
			isa = PBXGroup;
			children = (
				E92722EA28746E8A005699E7 /* Theme.swift */,
				E92722EC28746FA0005699E7 /* DailyScrum.swift */,
				E9EAF62E287B53C300E37B01 /* ScrumTimer.swift */,
				E9EAF630287B53E200E37B01 /* AVPlayer+Ding.swift */,
				E9EAF637287BBA0E00E37B01 /* History.swift */,
			);
			path = Models;
			sourceTree = "<group>";
		};
		E9EAF634287BB5BC00E37B01 /* Resources */ = {
			isa = PBXGroup;
			children = (
				E9EAF635287BB5F100E37B01 /* ding.wav */,
			);
			path = Resources;
			sourceTree = "<group>";
		};
		E9FF9EAD2873B95B00E19F6D = {
			isa = PBXGroup;
			children = (
				E9FF9EB82873B95B00E19F6D /* Scrumdinger */,
				E9FF9EB72873B95B00E19F6D /* Products */,
			);
			sourceTree = "<group>";
		};
		E9FF9EB72873B95B00E19F6D /* Products */ = {
			isa = PBXGroup;
			children = (
				E9FF9EB62873B95B00E19F6D /* Scrumdinger.app */,
			);
			name = Products;
			sourceTree = "<group>";
		};
		E9FF9EB82873B95B00E19F6D /* Scrumdinger */ = {
			isa = PBXGroup;
			children = (
				E9EAF634287BB5BC00E37B01 /* Resources */,
				E92722E928746E5A005699E7 /* Models */,
				E9FF9EB92873B95B00E19F6D /* ScrumdingerApp.swift */,
				E9FF9EBB2873B95B00E19F6D /* MeetingView.swift */,
				E9EAF62A287B51B200E37B01 /* MeetingHeaderView.swift */,
				E9EAF62C287B533D00E37B01 /* ScrumProgressViewStyle.swift */,
				E9EAF632287B556800E37B01 /* MeetingFooterView.swift */,
				E92722EE2874701B005699E7 /* CardView.swift */,
				E92722F0287472F5005699E7 /* TrailingIconLabelStyle.swift */,
				E9E22EC02879D8A7000A8B28 /* ScrumsView.swift */,
				E9E22EC22879ED28000A8B28 /* DetailView.swift */,
				E925A6E4287A4267003028D4 /* DetailEditView.swift */,
				E925A6E6287A4A90003028D4 /* ThemeView.swift */,
				E925A6E8287A4B9F003028D4 /* ThemePicker.swift */,
				E9FF9EBD2873B95C00E19F6D /* Assets.xcassets */,
				E9FF9EBF2873B95C00E19F6D /* Preview Content */,
			);
			path = Scrumdinger;
			sourceTree = "<group>";
		};
		E9FF9EBF2873B95C00E19F6D /* Preview Content */ = {
			isa = PBXGroup;
			children = (
				E9FF9EC02873B95C00E19F6D /* Preview Assets.xcassets */,
			);
			path = "Preview Content";
			sourceTree = "<group>";
		};
/* End PBXGroup section */

/* Begin PBXNativeTarget section */
		E9FF9EB52873B95B00E19F6D /* Scrumdinger */ = {
			isa = PBXNativeTarget;
			buildConfigurationList = E9FF9EC42873B95C00E19F6D /* Build configuration list for PBXNativeTarget "Scrumdinger" */;
			buildPhases = (
				E9FF9EB22873B95B00E19F6D /* Sources */,
				E9FF9EB32873B95B00E19F6D /* Frameworks */,
				E9FF9EB42873B95B00E19F6D /* Resources */,
			);
			buildRules = (
			);
			dependencies = (
			);
			name = Scrumdinger;
			productName = Scrumdinger;
			productReference = E9FF9EB62873B95B00E19F6D /* Scrumdinger.app */;
			productType = "com.apple.product-type.application";
		};
/* End PBXNativeTarget section */

/* Begin PBXProject section */
		E9FF9EAE2873B95B00E19F6D /* Project object */ = {
			isa = PBXProject;
			attributes = {
				BuildIndependentTargetsInParallel = 1;
				LastSwiftUpdateCheck = 1310;
				LastUpgradeCheck = 1310;
				TargetAttributes = {
					E9FF9EB52873B95B00E19F6D = {
						CreatedOnToolsVersion = 13.1;
					};
				};
			};
			buildConfigurationList = E9FF9EB12873B95B00E19F6D /* Build configuration list for PBXProject "Scrumdinger" */;
			compatibilityVersion = "Xcode 13.0";
			developmentRegion = en;
			hasScannedForEncodings = 0;
			knownRegions = (
				en,
				Base,
			);
			mainGroup = E9FF9EAD2873B95B00E19F6D;
			productRefGroup = E9FF9EB72873B95B00E19F6D /* Products */;
			projectDirPath = "";
			projectRoot = "";
			targets = (
				E9FF9EB52873B95B00E19F6D /* Scrumdinger */,
			);
		};
/* End PBXProject section */

/* Begin PBXResourcesBuildPhase section */
		E9FF9EB42873B95B00E19F6D /* Resources */ = {
			isa = PBXResourcesBuildPhase;
			buildActionMask = 2147483647;
			files = (
				E9EAF636287BB5F100E37B01 /* ding.wav in Resources */,
				E9FF9EC12873B95C00E19F6D /* Preview Assets.xcassets in Resources */,
				E9FF9EBE2873B95C00E19F6D /* Assets.xcassets in Resources */,
			);
			runOnlyForDeploymentPostprocessing = 0;
		};
/* End PBXResourcesBuildPhase section */

/* Begin PBXSourcesBuildPhase section */
		E9FF9EB22873B95B00E19F6D /* Sources */ = {
			isa = PBXSourcesBuildPhase;
			buildActionMask = 2147483647;
			files = (
				E9EAF638287BBA0E00E37B01 /* History.swift in Sources */,
				E925A6E9287A4B9F003028D4 /* ThemePicker.swift in Sources */,
				E9EAF62D287B533D00E37B01 /* ScrumProgressViewStyle.swift in Sources */,
				E9EAF62F287B53C300E37B01 /* ScrumTimer.swift in Sources */,
				E92722ED28746FA0005699E7 /* DailyScrum.swift in Sources */,
				E9EAF631287B53E200E37B01 /* AVPlayer+Ding.swift in Sources */,
				E9EAF633287B556800E37B01 /* MeetingFooterView.swift in Sources */,
				E9E22EC32879ED28000A8B28 /* DetailView.swift in Sources */,
				E9EAF62B287B51B200E37B01 /* MeetingHeaderView.swift in Sources */,
				E925A6E5287A4267003028D4 /* DetailEditView.swift in Sources */,
				E92722F1287472F5005699E7 /* TrailingIconLabelStyle.swift in Sources */,
				E92722EB28746E8A005699E7 /* Theme.swift in Sources */,
				E9E22EC12879D8A7000A8B28 /* ScrumsView.swift in Sources */,
				E9FF9EBC2873B95B00E19F6D /* MeetingView.swift in Sources */,
				E9FF9EBA2873B95B00E19F6D /* ScrumdingerApp.swift in Sources */,
				E925A6E7287A4A90003028D4 /* ThemeView.swift in Sources */,
				E92722EF2874701B005699E7 /* CardView.swift in Sources */,
			);
			runOnlyForDeploymentPostprocessing = 0;
		};
/* End PBXSourcesBuildPhase section */

/* Begin XCBuildConfiguration section */
		E9FF9EC22873B95C00E19F6D /* Debug */ = {
			isa = XCBuildConfiguration;
			buildSettings = {
				ALWAYS_SEARCH_USER_PATHS = NO;
				CLANG_ANALYZER_NONNULL = YES;
				CLANG_ANALYZER_NUMBER_OBJECT_CONVERSION = YES_AGGRESSIVE;
				CLANG_CXX_LANGUAGE_STANDARD = "gnu++17";
				CLANG_CXX_LIBRARY = "libc++";
				CLANG_ENABLE_MODULES = YES;
				CLANG_ENABLE_OBJC_ARC = YES;
				CLANG_ENABLE_OBJC_WEAK = YES;
				CLANG_WARN_BLOCK_CAPTURE_AUTORELEASING = YES;
				CLANG_WARN_BOOL_CONVERSION = YES;
				CLANG_WARN_COMMA = YES;
				CLANG_WARN_CONSTANT_CONVERSION = YES;
				CLANG_WARN_DEPRECATED_OBJC_IMPLEMENTATIONS = YES;
				CLANG_WARN_DIRECT_OBJC_ISA_USAGE = YES_ERROR;
				CLANG_WARN_DOCUMENTATION_COMMENTS = YES;
				CLANG_WARN_EMPTY_BODY = YES;
				CLANG_WARN_ENUM_CONVERSION = YES;
				CLANG_WARN_INFINITE_RECURSION = YES;
				CLANG_WARN_INT_CONVERSION = YES;
				CLANG_WARN_NON_LITERAL_NULL_CONVERSION = YES;
				CLANG_WARN_OBJC_IMPLICIT_RETAIN_SELF = YES;
				CLANG_WARN_OBJC_LITERAL_CONVERSION = YES;
				CLANG_WARN_OBJC_ROOT_CLASS = YES_ERROR;
				CLANG_WARN_QUOTED_INCLUDE_IN_FRAMEWORK_HEADER = YES;
				CLANG_WARN_RANGE_LOOP_ANALYSIS = YES;
				CLANG_WARN_STRICT_PROTOTYPES = YES;
				CLANG_WARN_SUSPICIOUS_MOVE = YES;
				CLANG_WARN_UNGUARDED_AVAILABILITY = YES_AGGRESSIVE;
				CLANG_WARN_UNREACHABLE_CODE = YES;
				CLANG_WARN__DUPLICATE_METHOD_MATCH = YES;
				COPY_PHASE_STRIP = NO;
				DEBUG_INFORMATION_FORMAT = dwarf;
				ENABLE_STRICT_OBJC_MSGSEND = YES;
				ENABLE_TESTABILITY = YES;
				GCC_C_LANGUAGE_STANDARD = gnu11;
				GCC_DYNAMIC_NO_PIC = NO;
				GCC_NO_COMMON_BLOCKS = YES;
				GCC_OPTIMIZATION_LEVEL = 0;
				GCC_PREPROCESSOR_DEFINITIONS = (
					"DEBUG=1",
					"$(inherited)",
				);
				GCC_WARN_64_TO_32_BIT_CONVERSION = YES;
				GCC_WARN_ABOUT_RETURN_TYPE = YES_ERROR;
				GCC_WARN_UNDECLARED_SELECTOR = YES;
				GCC_WARN_UNINITIALIZED_AUTOS = YES_AGGRESSIVE;
				GCC_WARN_UNUSED_FUNCTION = YES;
				GCC_WARN_UNUSED_VARIABLE = YES;
				IPHONEOS_DEPLOYMENT_TARGET = 15.0;
				MTL_ENABLE_DEBUG_INFO = INCLUDE_SOURCE;
				MTL_FAST_MATH = YES;
				ONLY_ACTIVE_ARCH = YES;
				SDKROOT = iphoneos;
				SWIFT_ACTIVE_COMPILATION_CONDITIONS = DEBUG;
				SWIFT_OPTIMIZATION_LEVEL = "-Onone";
			};
			name = Debug;
		};
		E9FF9EC32873B95C00E19F6D /* Release */ = {
			isa = XCBuildConfiguration;
			buildSettings = {
				ALWAYS_SEARCH_USER_PATHS = NO;
				CLANG_ANALYZER_NONNULL = YES;
				CLANG_ANALYZER_NUMBER_OBJECT_CONVERSION = YES_AGGRESSIVE;
				CLANG_CXX_LANGUAGE_STANDARD = "gnu++17";
				CLANG_CXX_LIBRARY = "libc++";
				CLANG_ENABLE_MODULES = YES;
				CLANG_ENABLE_OBJC_ARC = YES;
				CLANG_ENABLE_OBJC_WEAK = YES;
				CLANG_WARN_BLOCK_CAPTURE_AUTORELEASING = YES;
				CLANG_WARN_BOOL_CONVERSION = YES;
				CLANG_WARN_COMMA = YES;
				CLANG_WARN_CONSTANT_CONVERSION = YES;
				CLANG_WARN_DEPRECATED_OBJC_IMPLEMENTATIONS = YES;
				CLANG_WARN_DIRECT_OBJC_ISA_USAGE = YES_ERROR;
				CLANG_WARN_DOCUMENTATION_COMMENTS = YES;
				CLANG_WARN_EMPTY_BODY = YES;
				CLANG_WARN_ENUM_CONVERSION = YES;
				CLANG_WARN_INFINITE_RECURSION = YES;
				CLANG_WARN_INT_CONVERSION = YES;
				CLANG_WARN_NON_LITERAL_NULL_CONVERSION = YES;
				CLANG_WARN_OBJC_IMPLICIT_RETAIN_SELF = YES;
				CLANG_WARN_OBJC_LITERAL_CONVERSION = YES;
				CLANG_WARN_OBJC_ROOT_CLASS = YES_ERROR;
				CLANG_WARN_QUOTED_INCLUDE_IN_FRAMEWORK_HEADER = YES;
				CLANG_WARN_RANGE_LOOP_ANALYSIS = YES;
				CLANG_WARN_STRICT_PROTOTYPES = YES;
				CLANG_WARN_SUSPICIOUS_MOVE = YES;
				CLANG_WARN_UNGUARDED_AVAILABILITY = YES_AGGRESSIVE;
				CLANG_WARN_UNREACHABLE_CODE = YES;
				CLANG_WARN__DUPLICATE_METHOD_MATCH = YES;
				COPY_PHASE_STRIP = NO;
				DEBUG_INFORMATION_FORMAT = "dwarf-with-dsym";
				ENABLE_NS_ASSERTIONS = NO;
				ENABLE_STRICT_OBJC_MSGSEND = YES;
				GCC_C_LANGUAGE_STANDARD = gnu11;
				GCC_NO_COMMON_BLOCKS = YES;
				GCC_WARN_64_TO_32_BIT_CONVERSION = YES;
				GCC_WARN_ABOUT_RETURN_TYPE = YES_ERROR;
				GCC_WARN_UNDECLARED_SELECTOR = YES;
				GCC_WARN_UNINITIALIZED_AUTOS = YES_AGGRESSIVE;
				GCC_WARN_UNUSED_FUNCTION = YES;
				GCC_WARN_UNUSED_VARIABLE = YES;
				IPHONEOS_DEPLOYMENT_TARGET = 15.0;
				MTL_ENABLE_DEBUG_INFO = NO;
				MTL_FAST_MATH = YES;
				SDKROOT = iphoneos;
				SWIFT_COMPILATION_MODE = wholemodule;
				SWIFT_OPTIMIZATION_LEVEL = "-O";
				VALIDATE_PRODUCT = YES;
			};
			name = Release;
		};
		E9FF9EC52873B95C00E19F6D /* Debug */ = {
			isa = XCBuildConfiguration;
			buildSettings = {
				ASSETCATALOG_COMPILER_APPICON_NAME = AppIcon;
				ASSETCATALOG_COMPILER_GLOBAL_ACCENT_COLOR_NAME = AccentColor;
				CODE_SIGN_STYLE = Automatic;
				CURRENT_PROJECT_VERSION = 1;
				DEVELOPMENT_ASSET_PATHS = "\"Scrumdinger/Preview Content\"";
				DEVELOPMENT_TEAM = 76S62489Z2;
				ENABLE_PREVIEWS = YES;
				GENERATE_INFOPLIST_FILE = YES;
				INFOPLIST_KEY_UIApplicationSceneManifest_Generation = YES;
				INFOPLIST_KEY_UIApplicationSupportsIndirectInputEvents = YES;
				INFOPLIST_KEY_UILaunchScreen_Generation = YES;
				INFOPLIST_KEY_UISupportedInterfaceOrientations_iPad = "UIInterfaceOrientationPortrait UIInterfaceOrientationPortraitUpsideDown UIInterfaceOrientationLandscapeLeft UIInterfaceOrientationLandscapeRight";
				INFOPLIST_KEY_UISupportedInterfaceOrientations_iPhone = "UIInterfaceOrientationPortrait UIInterfaceOrientationLandscapeLeft UIInterfaceOrientationLandscapeRight";
				LD_RUNPATH_SEARCH_PATHS = (
					"$(inherited)",
					"@executable_path/Frameworks",
				);
				MARKETING_VERSION = 1.0;
				PRODUCT_BUNDLE_IDENTIFIER = com.desarrolloSCOM.Scrumdinger;
				PRODUCT_NAME = "$(TARGET_NAME)";
				SWIFT_EMIT_LOC_STRINGS = YES;
				SWIFT_VERSION = 5.0;
				TARGETED_DEVICE_FAMILY = "1,2";
			};
			name = Debug;
		};
		E9FF9EC62873B95C00E19F6D /* Release */ = {
			isa = XCBuildConfiguration;
			buildSettings = {
				ASSETCATALOG_COMPILER_APPICON_NAME = AppIcon;
				ASSETCATALOG_COMPILER_GLOBAL_ACCENT_COLOR_NAME = AccentColor;
				CODE_SIGN_STYLE = Automatic;
				CURRENT_PROJECT_VERSION = 1;
				DEVELOPMENT_ASSET_PATHS = "\"Scrumdinger/Preview Content\"";
				DEVELOPMENT_TEAM = 76S62489Z2;
				ENABLE_PREVIEWS = YES;
				GENERATE_INFOPLIST_FILE = YES;
				INFOPLIST_KEY_UIApplicationSceneManifest_Generation = YES;
				INFOPLIST_KEY_UIApplicationSupportsIndirectInputEvents = YES;
				INFOPLIST_KEY_UILaunchScreen_Generation = YES;
				INFOPLIST_KEY_UISupportedInterfaceOrientations_iPad = "UIInterfaceOrientationPortrait UIInterfaceOrientationPortraitUpsideDown UIInterfaceOrientationLandscapeLeft UIInterfaceOrientationLandscapeRight";
				INFOPLIST_KEY_UISupportedInterfaceOrientations_iPhone = "UIInterfaceOrientationPortrait UIInterfaceOrientationLandscapeLeft UIInterfaceOrientationLandscapeRight";
				LD_RUNPATH_SEARCH_PATHS = (
					"$(inherited)",
					"@executable_path/Frameworks",
				);
				MARKETING_VERSION = 1.0;
				PRODUCT_BUNDLE_IDENTIFIER = com.desarrolloSCOM.Scrumdinger;
				PRODUCT_NAME = "$(TARGET_NAME)";
				SWIFT_EMIT_LOC_STRINGS = YES;
				SWIFT_VERSION = 5.0;
				TARGETED_DEVICE_FAMILY = "1,2";
			};
			name = Release;
		};
/* End XCBuildConfiguration section */

/* Begin XCConfigurationList section */
		E9FF9EB12873B95B00E19F6D /* Build configuration list for PBXProject "Scrumdinger" */ = {
			isa = XCConfigurationList;
			buildConfigurations = (
				E9FF9EC22873B95C00E19F6D /* Debug */,
				E9FF9EC32873B95C00E19F6D /* Release */,
			);
			defaultConfigurationIsVisible = 0;
			defaultConfigurationName = Release;
		};
		E9FF9EC42873B95C00E19F6D /* Build configuration list for PBXNativeTarget "Scrumdinger" */ = {
			isa = XCConfigurationList;
			buildConfigurations = (
				E9FF9EC52873B95C00E19F6D /* Debug */,
				E9FF9EC62873B95C00E19F6D /* Release */,
			);
			defaultConfigurationIsVisible = 0;
			defaultConfigurationName = Release;
		};
/* End XCConfigurationList section */
	};
	rootObject = E9FF9EAE2873B95B00E19F6D /* Project object */;
}
